
Microsoft Visual Studio Solution File, Format Version 12.00
# Visual Studio 2013
VisualStudioVersion = 12.0.21005.1
MinimumVisualStudioVersion = 10.0.40219.1
Project("{FAE04EC0-301F-11D3-BF4B-00C04F79EFBC}") = "UncertainT", "UncertainT\UncertainT.csproj", "{E9510D70-C1FE-4576-BB04-779AFC3EEC99}"
EndProject
Project("{FAE04EC0-301F-11D3-BF4B-00C04F79EFBC}") = "UncertainTests", "UncertainTests\UncertainTests.csproj", "{B8E5B966-3BD2-430F-AA29-664E29A0A29B}"
EndProject
Global
	GlobalSection(TeamFoundationVersionControl) = preSolution
		SccNumberOfProjects = 3
		SccEnterpriseProvider = {4CA58AB2-18FA-4F8D-95D4-32DDF27D184C}
		SccTeamFoundationServer = http://vstfcodebox:8080/tfs/kappa
		SccLocalPath0 = .
		SccProjectUniqueName1 = UncertainT\\UncertainT.csproj
		SccProjectName1 = UncertainT
		SccLocalPath1 = UncertainT
		SccProjectUniqueName2 = UncertainTests\\UncertainTests.csproj
		SccProjectName2 = UncertainTests
		SccLocalPath2 = UncertainTests
	EndGlobalSection
	GlobalSection(SolutionConfigurationPlatforms) = preSolution
		Debug|Any CPU = Debug|Any CPU
		Release|Any CPU = Release|Any CPU
	EndGlobalSection
	GlobalSection(ProjectConfigurationPlatforms) = postSolution
		{E9510D70-C1FE-4576-BB04-779AFC3EEC99}.Debug|Any CPU.ActiveCfg = Debug|Any CPU
		{E9510D70-C1FE-4576-BB04-779AFC3EEC99}.Debug|Any CPU.Build.0 = Debug|Any CPU
		{E9510D70-C1FE-4576-BB04-779AFC3EEC99}.Release|Any CPU.ActiveCfg = Release|Any CPU
		{E9510D70-C1FE-4576-BB04-779AFC3EEC99}.Release|Any CPU.Build.0 = Release|Any CPU
		{B8E5B966-3BD2-430F-AA29-664E29A0A29B}.Debug|Any CPU.ActiveCfg = Debug|Any CPU
		{B8E5B966-3BD2-430F-AA29-664E29A0A29B}.Debug|Any CPU.Build.0 = Debug|Any CPU
		{B8E5B966-3BD2-430F-AA29-664E29A0A29B}.Release|Any CPU.ActiveCfg = Release|Any CPU
		{B8E5B966-3BD2-430F-AA29-664E29A0A29B}.Release|Any CPU.Build.0 = Release|Any CPU
	EndGlobalSection
	GlobalSection(SolutionProperties) = preSolution
		HideSolutionNode = FALSE
	EndGlobalSection
EndGlobal
