
Microsoft Visual Studio Solution File, Format Version 12.00
# Visual Studio 2013
VisualStudioVersion = 12.0.21005.1
MinimumVisualStudioVersion = 10.0.40219.1
Project("{FAE04EC0-301F-11D3-BF4B-00C04F79EFBC}") = "InferenceDebugger", "InferenceDebugger\InferenceDebugger.csproj", "{B79400F4-5BA3-40F6-8938-8A2F5B617A03}"
EndProject
Project("{FAE04EC0-301F-11D3-BF4B-00C04F79EFBC}") = "InferenceDebuggerTests", "InferenceDebuggerTests\InferenceDebuggerTests.csproj", "{02F9C188-1539-4B41-BB64-2A11A735ADCE}"
EndProject
Global
	GlobalSection(SolutionConfigurationPlatforms) = preSolution
		Debug|Any CPU = Debug|Any CPU
		Release|Any CPU = Release|Any CPU
	EndGlobalSection
	GlobalSection(ProjectConfigurationPlatforms) = postSolution
		{B79400F4-5BA3-40F6-8938-8A2F5B617A03}.Debug|Any CPU.ActiveCfg = Debug|Any CPU
		{B79400F4-5BA3-40F6-8938-8A2F5B617A03}.Debug|Any CPU.Build.0 = Debug|Any CPU
		{B79400F4-5BA3-40F6-8938-8A2F5B617A03}.Release|Any CPU.ActiveCfg = Release|Any CPU
		{B79400F4-5BA3-40F6-8938-8A2F5B617A03}.Release|Any CPU.Build.0 = Release|Any CPU
		{02F9C188-1539-4B41-BB64-2A11A735ADCE}.Debug|Any CPU.ActiveCfg = Debug|Any CPU
		{02F9C188-1539-4B41-BB64-2A11A735ADCE}.Debug|Any CPU.Build.0 = Debug|Any CPU
		{02F9C188-1539-4B41-BB64-2A11A735ADCE}.Release|Any CPU.ActiveCfg = Release|Any CPU
		{02F9C188-1539-4B41-BB64-2A11A735ADCE}.Release|Any CPU.Build.0 = Release|Any CPU
	EndGlobalSection
	GlobalSection(SolutionProperties) = preSolution
		HideSolutionNode = FALSE
	EndGlobalSection
EndGlobal
