
Microsoft Visual Studio Solution File, Format Version 12.00
# Visual Studio 2013
VisualStudioVersion = 12.0.21005.1
MinimumVisualStudioVersion = 10.0.40219.1
Project("{FAE04EC0-301F-11D3-BF4B-00C04F79EFBC}") = "InferenceDebugger", "InferenceDebugger\InferenceDebugger.csproj", "{B79400F4-5BA3-40F6-8938-8A2F5B617A03}"
EndProject
Project("{FAE04EC0-301F-11D3-BF4B-00C04F79EFBC}") = "InferenceDebuggerTests", "InferenceDebuggerTests\InferenceDebuggerTests.csproj", "{C736DCAA-2C09-4F77-96C5-870552E36551}"
EndProject
Global
	GlobalSection(SolutionConfigurationPlatforms) = preSolution
		Debug|Any CPU = Debug|Any CPU
		Debug|Mixed Platforms = Debug|Mixed Platforms
		Debug|x64 = Debug|x64
		Release|Any CPU = Release|Any CPU
		Release|Mixed Platforms = Release|Mixed Platforms
		Release|x64 = Release|x64
	EndGlobalSection
	GlobalSection(ProjectConfigurationPlatforms) = postSolution
		{B79400F4-5BA3-40F6-8938-8A2F5B617A03}.Debug|Any CPU.ActiveCfg = Debug|Any CPU
		{B79400F4-5BA3-40F6-8938-8A2F5B617A03}.Debug|Any CPU.Build.0 = Debug|Any CPU
		{B79400F4-5BA3-40F6-8938-8A2F5B617A03}.Debug|Mixed Platforms.ActiveCfg = Debug|Any CPU
		{B79400F4-5BA3-40F6-8938-8A2F5B617A03}.Debug|Mixed Platforms.Build.0 = Debug|Any CPU
		{B79400F4-5BA3-40F6-8938-8A2F5B617A03}.Debug|x64.ActiveCfg = Debug|x64
		{B79400F4-5BA3-40F6-8938-8A2F5B617A03}.Debug|x64.Build.0 = Debug|x64
		{B79400F4-5BA3-40F6-8938-8A2F5B617A03}.Release|Any CPU.ActiveCfg = Release|Any CPU
		{B79400F4-5BA3-40F6-8938-8A2F5B617A03}.Release|Any CPU.Build.0 = Release|Any CPU
		{B79400F4-5BA3-40F6-8938-8A2F5B617A03}.Release|Mixed Platforms.ActiveCfg = Release|Any CPU
		{B79400F4-5BA3-40F6-8938-8A2F5B617A03}.Release|Mixed Platforms.Build.0 = Release|Any CPU
		{B79400F4-5BA3-40F6-8938-8A2F5B617A03}.Release|x64.ActiveCfg = Release|x64
		{B79400F4-5BA3-40F6-8938-8A2F5B617A03}.Release|x64.Build.0 = Release|x64
		{C736DCAA-2C09-4F77-96C5-870552E36551}.Debug|Any CPU.ActiveCfg = Debug|Any CPU
		{C736DCAA-2C09-4F77-96C5-870552E36551}.Debug|Any CPU.Build.0 = Debug|Any CPU
		{C736DCAA-2C09-4F77-96C5-870552E36551}.Debug|Mixed Platforms.ActiveCfg = Debug|Any CPU
		{C736DCAA-2C09-4F77-96C5-870552E36551}.Debug|Mixed Platforms.Build.0 = Debug|Any CPU
		{C736DCAA-2C09-4F77-96C5-870552E36551}.Debug|x64.ActiveCfg = Debug|Any CPU
		{C736DCAA-2C09-4F77-96C5-870552E36551}.Release|Any CPU.ActiveCfg = Release|Any CPU
		{C736DCAA-2C09-4F77-96C5-870552E36551}.Release|Any CPU.Build.0 = Release|Any CPU
		{C736DCAA-2C09-4F77-96C5-870552E36551}.Release|Mixed Platforms.ActiveCfg = Release|Any CPU
		{C736DCAA-2C09-4F77-96C5-870552E36551}.Release|Mixed Platforms.Build.0 = Release|Any CPU
		{C736DCAA-2C09-4F77-96C5-870552E36551}.Release|x64.ActiveCfg = Release|Any CPU
	EndGlobalSection
	GlobalSection(SolutionProperties) = preSolution
		HideSolutionNode = FALSE
	EndGlobalSection
EndGlobal
